
Microsoft Visual Studio Solution File, Format Version 12.00
# Visual Studio Version 17
VisualStudioVersion = 17.1.32210.238
MinimumVisualStudioVersion = 10.0.40219.1
Project("{FAE04EC0-301F-11D3-BF4B-00C04F79EFBC}") = "Core", "Core\Core.csproj", "{861E8558-7E54-429E-A7A8-DB789EF3EB60}"
EndProject
Project("{FAE04EC0-301F-11D3-BF4B-00C04F79EFBC}") = "Application", "Application\Application.csproj", "{471BC64B-29B2-4D8C-9050-3C4BD3E2C238}"
EndProject
Project("{FAE04EC0-301F-11D3-BF4B-00C04F79EFBC}") = "Infrastructure", "Infrastructure\Infrastructure.csproj", "{810FE985-10D1-4FB2-A51F-F009295ECA4B}"
EndProject
Project("{FAE04EC0-301F-11D3-BF4B-00C04F79EFBC}") = "API", "API\API.csproj", "{7464D749-855F-419B-8A2E-8BE6E7B2B054}"
EndProject
Global
	GlobalSection(SolutionConfigurationPlatforms) = preSolution
		Debug|Any CPU = Debug|Any CPU
		Release|Any CPU = Release|Any CPU
	EndGlobalSection
	GlobalSection(ProjectConfigurationPlatforms) = postSolution
		{861E8558-7E54-429E-A7A8-DB789EF3EB60}.Debug|Any CPU.ActiveCfg = Debug|Any CPU
		{861E8558-7E54-429E-A7A8-DB789EF3EB60}.Debug|Any CPU.Build.0 = Debug|Any CPU
		{861E8558-7E54-429E-A7A8-DB789EF3EB60}.Release|Any CPU.ActiveCfg = Release|Any CPU
		{861E8558-7E54-429E-A7A8-DB789EF3EB60}.Release|Any CPU.Build.0 = Release|Any CPU
		{471BC64B-29B2-4D8C-9050-3C4BD3E2C238}.Debug|Any CPU.ActiveCfg = Debug|Any CPU
		{471BC64B-29B2-4D8C-9050-3C4BD3E2C238}.Debug|Any CPU.Build.0 = Debug|Any CPU
		{471BC64B-29B2-4D8C-9050-3C4BD3E2C238}.Release|Any CPU.ActiveCfg = Release|Any CPU
		{471BC64B-29B2-4D8C-9050-3C4BD3E2C238}.Release|Any CPU.Build.0 = Release|Any CPU
		{810FE985-10D1-4FB2-A51F-F009295ECA4B}.Debug|Any CPU.ActiveCfg = Debug|Any CPU
		{810FE985-10D1-4FB2-A51F-F009295ECA4B}.Debug|Any CPU.Build.0 = Debug|Any CPU
		{810FE985-10D1-4FB2-A51F-F009295ECA4B}.Release|Any CPU.ActiveCfg = Release|Any CPU
		{810FE985-10D1-4FB2-A51F-F009295ECA4B}.Release|Any CPU.Build.0 = Release|Any CPU
		{7464D749-855F-419B-8A2E-8BE6E7B2B054}.Debug|Any CPU.ActiveCfg = Debug|Any CPU
		{7464D749-855F-419B-8A2E-8BE6E7B2B054}.Debug|Any CPU.Build.0 = Debug|Any CPU
		{7464D749-855F-419B-8A2E-8BE6E7B2B054}.Release|Any CPU.ActiveCfg = Release|Any CPU
		{7464D749-855F-419B-8A2E-8BE6E7B2B054}.Release|Any CPU.Build.0 = Release|Any CPU
	EndGlobalSection
	GlobalSection(SolutionProperties) = preSolution
		HideSolutionNode = FALSE
	EndGlobalSection
	GlobalSection(ExtensibilityGlobals) = postSolution
		SolutionGuid = {A9B625DA-F35A-4086-8EB0-FD2B951D885A}
	EndGlobalSection
EndGlobal
